
Microsoft Visual Studio Solution File, Format Version 12.00
# Visual Studio Version 17
VisualStudioVersion = 17.12.35707.178 d17.12
MinimumVisualStudioVersion = 10.0.40219.1
Project("{FAE04EC0-301F-11D3-BF4B-00C04F79EFBC}") = "TiendaMongoDB", "TiendaMongoDB\TiendaMongoDB.csproj", "{BF0BC72D-14C0-4348-A44D-E56D65A77A37}"
EndProject
Project("{FAE04EC0-301F-11D3-BF4B-00C04F79EFBC}") = "TiendaMongo.Data", "TiendaMongo.Data\TiendaMongo.Data.csproj", "{AC8B1443-5A32-4225-AB98-0D4AD189338F}"
EndProject
Project("{FAE04EC0-301F-11D3-BF4B-00C04F79EFBC}") = "TiendaMondo.Model", "TiendaMondo.Model\TiendaMondo.Model.csproj", "{3DE86BD4-6752-4C0F-8F2B-4543AAE01C59}"
EndProject
Project("{FAE04EC0-301F-11D3-BF4B-00C04F79EFBC}") = "TiendaMongo.DTO", "TiendaMongo.DTO\TiendaMongo.DTO.csproj", "{DD4F2EFC-45D7-4350-9972-D72332642C88}"
EndProject
Global
	GlobalSection(SolutionConfigurationPlatforms) = preSolution
		Debug|Any CPU = Debug|Any CPU
		Release|Any CPU = Release|Any CPU
	EndGlobalSection
	GlobalSection(ProjectConfigurationPlatforms) = postSolution
		{BF0BC72D-14C0-4348-A44D-E56D65A77A37}.Debug|Any CPU.ActiveCfg = Debug|Any CPU
		{BF0BC72D-14C0-4348-A44D-E56D65A77A37}.Debug|Any CPU.Build.0 = Debug|Any CPU
		{BF0BC72D-14C0-4348-A44D-E56D65A77A37}.Release|Any CPU.ActiveCfg = Release|Any CPU
		{BF0BC72D-14C0-4348-A44D-E56D65A77A37}.Release|Any CPU.Build.0 = Release|Any CPU
		{AC8B1443-5A32-4225-AB98-0D4AD189338F}.Debug|Any CPU.ActiveCfg = Debug|Any CPU
		{AC8B1443-5A32-4225-AB98-0D4AD189338F}.Debug|Any CPU.Build.0 = Debug|Any CPU
		{AC8B1443-5A32-4225-AB98-0D4AD189338F}.Release|Any CPU.ActiveCfg = Release|Any CPU
		{AC8B1443-5A32-4225-AB98-0D4AD189338F}.Release|Any CPU.Build.0 = Release|Any CPU
		{3DE86BD4-6752-4C0F-8F2B-4543AAE01C59}.Debug|Any CPU.ActiveCfg = Debug|Any CPU
		{3DE86BD4-6752-4C0F-8F2B-4543AAE01C59}.Debug|Any CPU.Build.0 = Debug|Any CPU
		{3DE86BD4-6752-4C0F-8F2B-4543AAE01C59}.Release|Any CPU.ActiveCfg = Release|Any CPU
		{3DE86BD4-6752-4C0F-8F2B-4543AAE01C59}.Release|Any CPU.Build.0 = Release|Any CPU
		{DD4F2EFC-45D7-4350-9972-D72332642C88}.Debug|Any CPU.ActiveCfg = Debug|Any CPU
		{DD4F2EFC-45D7-4350-9972-D72332642C88}.Debug|Any CPU.Build.0 = Debug|Any CPU
		{DD4F2EFC-45D7-4350-9972-D72332642C88}.Release|Any CPU.ActiveCfg = Release|Any CPU
		{DD4F2EFC-45D7-4350-9972-D72332642C88}.Release|Any CPU.Build.0 = Release|Any CPU
	EndGlobalSection
	GlobalSection(SolutionProperties) = preSolution
		HideSolutionNode = FALSE
	EndGlobalSection
EndGlobal
